# This file is automatically @generated by Cargo.
# It is not intended for manual editing.
version = 4

[[package]]
name = "multiplicator-foundation"
version = "0.1.0"
dependencies = [
 "parco-foundation",
]

[[package]]
name = "multiplicator-leader"
version = "0.1.0"
dependencies = [
 "parco-leader",
]

[[package]]
name = "multiplicator-tester"
version = "0.1.0"
dependencies = [
 "parco-tester",
]

[[package]]
name = "multiplicator-worker"
version = "0.1.0"
dependencies = [
 "parco-worker",
]

[[package]]
name = "parco-foundation"
version = "0.1.0"

[[package]]
name = "parco-leader"
version = "0.1.0"
dependencies = [
 "parco-foundation",
]

[[package]]
name = "parco-tester"
version = "0.1.0"
dependencies = [
 "parco-foundation",
]

[[package]]
name = "parco-worker"
version = "0.1.0"
dependencies = [
 "parco-foundation",
]
